
Microsoft Visual Studio Solution File, Format Version 12.00
Project("{2150E333-8FDC-42A3-9474-1A3956D46DE8}") = ".Build Definition.", ".Build Definition.", "{3BDD5A05-486F-47D8-AC9F-FC200CC6A0B6}"
EndProject
Project("{2150E333-8FDC-42A3-9474-1A3956D46DE8}") = ".Build Settings.", ".Build Settings.", "{A43B03C5-5954-460A-865C-6053D6C7D562}"
	ProjectSection(SolutionItems) = preProject
		coverlet.runsettings = coverlet.runsettings
		src\Directory.Build.props = src\Directory.Build.props
		src\Directory.Packages.props = src\Directory.Packages.props
		src\FluentAssertionEngineInitializer.cs = src\FluentAssertionEngineInitializer.cs
		GitVersion.yml = GitVersion.yml
		global.json = global.json
		src\GlobalSuppressions.Tests.cs = src\GlobalSuppressions.Tests.cs
		NuGet.config = NuGet.config
		stryker-config.json = stryker-config.json
	EndProjectSection
EndProject
Project("{2150E333-8FDC-42A3-9474-1A3956D46DE8}") = ".Build Workflows.", ".Build Workflows.", "{D2A726B4-EFF0-4D3D-8969-CA7B4F79F142}"
	ProjectSection(SolutionItems) = preProject
		.github\workflows\ContinuousDelivery.yml = .github\workflows\ContinuousDelivery.yml
	EndProjectSection
EndProject
Project("{2150E333-8FDC-42A3-9474-1A3956D46DE8}") = ".Solution Items.", ".Solution Items.", "{24D00F41-908D-4ED7-8559-84A9EF19A2DF}"
	ProjectSection(SolutionItems) = preProject
		.editorconfig = .editorconfig
		.gitignore = .gitignore
		.config\dotnet-tools.json = .config\dotnet-tools.json
		README.md = README.md
	EndProjectSection
EndProject
Project("{FAE04EC0-301F-11D3-BF4B-00C04F79EFBC}") = "Build", "src\Build\Build.csproj", "{7EF5F485-4112-48A6-A3C4-7537F5EF4B88}"
EndProject
Project("{FAE04EC0-301F-11D3-BF4B-00C04F79EFBC}") = "Be.Stateless.Extensions", "src\Be.Stateless.Extensions\Be.Stateless.Extensions.csproj", "{F0B3FADA-85B4-4DE5-9C87-B559C4141903}"
EndProject
Project("{FAE04EC0-301F-11D3-BF4B-00C04F79EFBC}") = "Be.Stateless.Extensions.Tests", "src\Be.Stateless.Extensions.Tests\Be.Stateless.Extensions.Tests.csproj", "{09AE7633-ED6D-42FD-AAAA-77C3906C0C1A}"
EndProject
Global
	GlobalSection(SolutionConfigurationPlatforms) = preSolution
		Debug|Any CPU = Debug|Any CPU
		Release|Any CPU = Release|Any CPU
	EndGlobalSection
	GlobalSection(ProjectConfigurationPlatforms) = postSolution
		{7EF5F485-4112-48A6-A3C4-7537F5EF4B88}.Debug|Any CPU.ActiveCfg = Debug|Any CPU
		{7EF5F485-4112-48A6-A3C4-7537F5EF4B88}.Release|Any CPU.ActiveCfg = Release|Any CPU
		{F0B3FADA-85B4-4DE5-9C87-B559C4141903}.Debug|Any CPU.ActiveCfg = Debug|Any CPU
		{F0B3FADA-85B4-4DE5-9C87-B559C4141903}.Debug|Any CPU.Build.0 = Debug|Any CPU
		{F0B3FADA-85B4-4DE5-9C87-B559C4141903}.Release|Any CPU.ActiveCfg = Release|Any CPU
		{F0B3FADA-85B4-4DE5-9C87-B559C4141903}.Release|Any CPU.Build.0 = Release|Any CPU
		{09AE7633-ED6D-42FD-AAAA-77C3906C0C1A}.Debug|Any CPU.ActiveCfg = Debug|Any CPU
		{09AE7633-ED6D-42FD-AAAA-77C3906C0C1A}.Debug|Any CPU.Build.0 = Debug|Any CPU
		{09AE7633-ED6D-42FD-AAAA-77C3906C0C1A}.Release|Any CPU.ActiveCfg = Release|Any CPU
		{09AE7633-ED6D-42FD-AAAA-77C3906C0C1A}.Release|Any CPU.Build.0 = Release|Any CPU
	EndGlobalSection
	GlobalSection(NestedProjects) = preSolution
		{7EF5F485-4112-48A6-A3C4-7537F5EF4B88} = {3BDD5A05-486F-47D8-AC9F-FC200CC6A0B6}
	EndGlobalSection
EndGlobal
